// !$*UTF8*$!
{
	archiveVersion = 1;
	classes = {
	};
	objectVersion = 50;
	objects = {

/* Begin PBXBuildFile section */
		5605BA6326E0ABD400173F49 /* AppDelegate.swift in Sources */ = {isa = PBXBuildFile; fileRef = 5605BA6226E0ABD400173F49 /* AppDelegate.swift */; };
		5605BA6526E0ABD400173F49 /* SceneDelegate.swift in Sources */ = {isa = PBXBuildFile; fileRef = 5605BA6426E0ABD400173F49 /* SceneDelegate.swift */; };
		5605BA6726E0ABD400173F49 /* ViewController.swift in Sources */ = {isa = PBXBuildFile; fileRef = 5605BA6626E0ABD400173F49 /* ViewController.swift */; };
		5605BA6A26E0ABD400173F49 /* Main.storyboard in Resources */ = {isa = PBXBuildFile; fileRef = 5605BA6826E0ABD400173F49 /* Main.storyboard */; };
		5605BA6C26E0ABD700173F49 /* Assets.xcassets in Resources */ = {isa = PBXBuildFile; fileRef = 5605BA6B26E0ABD700173F49 /* Assets.xcassets */; };
		5605BA6F26E0ABD700173F49 /* LaunchScreen.storyboard in Resources */ = {isa = PBXBuildFile; fileRef = 5605BA6D26E0ABD700173F49 /* LaunchScreen.storyboard */; };
		5605BA7F26E1601C00173F49 /* FullScreenViewController.swift in Sources */ = {isa = PBXBuildFile; fileRef = 5605BA7E26E1601C00173F49 /* FullScreenViewController.swift */; };
		5605BA8126E1606200173F49 /* UnsplashConnector.swift in Sources */ = {isa = PBXBuildFile; fileRef = 5605BA8026E1606200173F49 /* UnsplashConnector.swift */; };
		5605BA8326E1606F00173F49 /* Post.swift in Sources */ = {isa = PBXBuildFile; fileRef = 5605BA8226E1606F00173F49 /* Post.swift */; };
		5605BA8626E1656800173F49 /* ImageCollectionViewCell.swift in Sources */ = {isa = PBXBuildFile; fileRef = 5605BA8526E1656800173F49 /* ImageCollectionViewCell.swift */; };
/* End PBXBuildFile section */

/* Begin PBXFileReference section */
		5605BA5F26E0ABD400173F49 /* RentaTeamTest.app */ = {isa = PBXFileReference; explicitFileType = wrapper.application; includeInIndex = 0; path = RentaTeamTest.app; sourceTree = BUILT_PRODUCTS_DIR; };
		5605BA6226E0ABD400173F49 /* AppDelegate.swift */ = {isa = PBXFileReference; lastKnownFileType = sourcecode.swift; path = AppDelegate.swift; sourceTree = "<group>"; };
		5605BA6426E0ABD400173F49 /* SceneDelegate.swift */ = {isa = PBXFileReference; lastKnownFileType = sourcecode.swift; path = SceneDelegate.swift; sourceTree = "<group>"; };
		5605BA6626E0ABD400173F49 /* ViewController.swift */ = {isa = PBXFileReference; lastKnownFileType = sourcecode.swift; path = ViewController.swift; sourceTree = "<group>"; };
		5605BA6926E0ABD400173F49 /* Base */ = {isa = PBXFileReference; lastKnownFileType = file.storyboard; name = Base; path = Base.lproj/Main.storyboard; sourceTree = "<group>"; };
		5605BA6B26E0ABD700173F49 /* Assets.xcassets */ = {isa = PBXFileReference; lastKnownFileType = folder.assetcatalog; path = Assets.xcassets; sourceTree = "<group>"; };
		5605BA6E26E0ABD700173F49 /* Base */ = {isa = PBXFileReference; lastKnownFileType = file.storyboard; name = Base; path = Base.lproj/LaunchScreen.storyboard; sourceTree = "<group>"; };
		5605BA7026E0ABD700173F49 /* Info.plist */ = {isa = PBXFileReference; lastKnownFileType = text.plist.xml; path = Info.plist; sourceTree = "<group>"; };
		5605BA7E26E1601C00173F49 /* FullScreenViewController.swift */ = {isa = PBXFileReference; lastKnownFileType = sourcecode.swift; path = FullScreenViewController.swift; sourceTree = "<group>"; };
		5605BA8026E1606200173F49 /* UnsplashConnector.swift */ = {isa = PBXFileReference; lastKnownFileType = sourcecode.swift; path = UnsplashConnector.swift; sourceTree = "<group>"; };
		5605BA8226E1606F00173F49 /* Post.swift */ = {isa = PBXFileReference; lastKnownFileType = sourcecode.swift; path = Post.swift; sourceTree = "<group>"; };
		5605BA8526E1656800173F49 /* ImageCollectionViewCell.swift */ = {isa = PBXFileReference; lastKnownFileType = sourcecode.swift; path = ImageCollectionViewCell.swift; sourceTree = "<group>"; };
/* End PBXFileReference section */

/* Begin PBXFrameworksBuildPhase section */
		5605BA5C26E0ABD400173F49 /* Frameworks */ = {
			isa = PBXFrameworksBuildPhase;
			buildActionMask = 2147483647;
			files = (
			);
			runOnlyForDeploymentPostprocessing = 0;
		};
/* End PBXFrameworksBuildPhase section */

/* Begin PBXGroup section */
		5605BA5626E0ABD400173F49 = {
			isa = PBXGroup;
			children = (
				5605BA6126E0ABD400173F49 /* RentaTeamTest */,
				5605BA6026E0ABD400173F49 /* Products */,
			);
			sourceTree = "<group>";
		};
		5605BA6026E0ABD400173F49 /* Products */ = {
			isa = PBXGroup;
			children = (
				5605BA5F26E0ABD400173F49 /* RentaTeamTest.app */,
			);
			name = Products;
			sourceTree = "<group>";
		};
		5605BA6126E0ABD400173F49 /* RentaTeamTest */ = {
			isa = PBXGroup;
			children = (
				56D0C313288D8DC500E1794A /* View */,
				56D0C312288D8DB800E1794A /* Model */,
				5605BA8426E160B300173F49 /* Logic */,
				5605BA6226E0ABD400173F49 /* AppDelegate.swift */,
				5605BA6426E0ABD400173F49 /* SceneDelegate.swift */,
				5605BA7D26E15F3F00173F49 /* Controllers */,
				5605BA7826E15EE800173F49 /* Storyboards */,
				5605BA6B26E0ABD700173F49 /* Assets.xcassets */,
				5605BA7026E0ABD700173F49 /* Info.plist */,
			);
			path = RentaTeamTest;
			sourceTree = "<group>";
		};
		5605BA7826E15EE800173F49 /* Storyboards */ = {
			isa = PBXGroup;
			children = (
				5605BA6D26E0ABD700173F49 /* LaunchScreen.storyboard */,
				5605BA6826E0ABD400173F49 /* Main.storyboard */,
			);
			path = Storyboards;
			sourceTree = "<group>";
		};
		5605BA7D26E15F3F00173F49 /* Controllers */ = {
			isa = PBXGroup;
			children = (
				5605BA6626E0ABD400173F49 /* ViewController.swift */,
				5605BA7E26E1601C00173F49 /* FullScreenViewController.swift */,
			);
			path = Controllers;
			sourceTree = "<group>";
		};
		5605BA8426E160B300173F49 /* Logic */ = {
			isa = PBXGroup;
			children = (
				5605BA8226E1606F00173F49 /* Post.swift */,
				5605BA8526E1656800173F49 /* ImageCollectionViewCell.swift */,
			);
			path = Logic;
			sourceTree = "<group>";
		};
		56D0C312288D8DB800E1794A /* Model */ = {
			isa = PBXGroup;
			children = (
				5605BA8026E1606200173F49 /* UnsplashConnector.swift */,
			);
			path = Model;
			sourceTree = "<group>";
		};
		56D0C313288D8DC500E1794A /* View */ = {
			isa = PBXGroup;
			children = (
			);
			path = View;
			sourceTree = "<group>";
		};
/* End PBXGroup section */

/* Begin PBXNativeTarget section */
		5605BA5E26E0ABD400173F49 /* RentaTeamTest */ = {
			isa = PBXNativeTarget;
			buildConfigurationList = 5605BA7326E0ABD700173F49 /* Build configuration list for PBXNativeTarget "RentaTeamTest" */;
			buildPhases = (
				5605BA5B26E0ABD400173F49 /* Sources */,
				5605BA5C26E0ABD400173F49 /* Frameworks */,
				5605BA5D26E0ABD400173F49 /* Resources */,
			);
			buildRules = (
			);
			dependencies = (
			);
			name = RentaTeamTest;
			productName = RentaTeamTest;
			productReference = 5605BA5F26E0ABD400173F49 /* RentaTeamTest.app */;
			productType = "com.apple.product-type.application";
		};
/* End PBXNativeTarget section */

/* Begin PBXProject section */
		5605BA5726E0ABD400173F49 /* Project object */ = {
			isa = PBXProject;
			attributes = {
				LastSwiftUpdateCheck = 1250;
				LastUpgradeCheck = 1250;
				TargetAttributes = {
					5605BA5E26E0ABD400173F49 = {
						CreatedOnToolsVersion = 12.5.1;
					};
				};
			};
			buildConfigurationList = 5605BA5A26E0ABD400173F49 /* Build configuration list for PBXProject "RentaTeamTest" */;
			compatibilityVersion = "Xcode 9.3";
			developmentRegion = en;
			hasScannedForEncodings = 0;
			knownRegions = (
				en,
				Base,
			);
			mainGroup = 5605BA5626E0ABD400173F49;
			productRefGroup = 5605BA6026E0ABD400173F49 /* Products */;
			projectDirPath = "";
			projectRoot = "";
			targets = (
				5605BA5E26E0ABD400173F49 /* RentaTeamTest */,
			);
		};
/* End PBXProject section */

/* Begin PBXResourcesBuildPhase section */
		5605BA5D26E0ABD400173F49 /* Resources */ = {
			isa = PBXResourcesBuildPhase;
			buildActionMask = 2147483647;
			files = (
				5605BA6F26E0ABD700173F49 /* LaunchScreen.storyboard in Resources */,
				5605BA6C26E0ABD700173F49 /* Assets.xcassets in Resources */,
				5605BA6A26E0ABD400173F49 /* Main.storyboard in Resources */,
			);
			runOnlyForDeploymentPostprocessing = 0;
		};
/* End PBXResourcesBuildPhase section */

/* Begin PBXSourcesBuildPhase section */
		5605BA5B26E0ABD400173F49 /* Sources */ = {
			isa = PBXSourcesBuildPhase;
			buildActionMask = 2147483647;
			files = (
				5605BA6726E0ABD400173F49 /* ViewController.swift in Sources */,
				5605BA6326E0ABD400173F49 /* AppDelegate.swift in Sources */,
				5605BA6526E0ABD400173F49 /* SceneDelegate.swift in Sources */,
				5605BA8626E1656800173F49 /* ImageCollectionViewCell.swift in Sources */,
				5605BA8326E1606F00173F49 /* Post.swift in Sources */,
				5605BA7F26E1601C00173F49 /* FullScreenViewController.swift in Sources */,
				5605BA8126E1606200173F49 /* UnsplashConnector.swift in Sources */,
			);
			runOnlyForDeploymentPostprocessing = 0;
		};
/* End PBXSourcesBuildPhase section */

/* Begin PBXVariantGroup section */
		5605BA6826E0ABD400173F49 /* Main.storyboard */ = {
			isa = PBXVariantGroup;
			children = (
				5605BA6926E0ABD400173F49 /* Base */,
			);
			name = Main.storyboard;
			sourceTree = "<group>";
		};
		5605BA6D26E0ABD700173F49 /* LaunchScreen.storyboard */ = {
			isa = PBXVariantGroup;
			children = (
				5605BA6E26E0ABD700173F49 /* Base */,
			);
			name = LaunchScreen.storyboard;
			sourceTree = "<group>";
		};
/* End PBXVariantGroup section */

/* Begin XCBuildConfiguration section */
		5605BA7126E0ABD700173F49 /* Debug */ = {
			isa = XCBuildConfiguration;
			buildSettings = {
				ALWAYS_SEARCH_USER_PATHS = NO;
				CLANG_ANALYZER_NONNULL = YES;
				CLANG_ANALYZER_NUMBER_OBJECT_CONVERSION = YES_AGGRESSIVE;
				CLANG_CXX_LANGUAGE_STANDARD = "gnu++14";
				CLANG_CXX_LIBRARY = "libc++";
				CLANG_ENABLE_MODULES = YES;
				CLANG_ENABLE_OBJC_ARC = YES;
				CLANG_ENABLE_OBJC_WEAK = YES;
				CLANG_WARN_BLOCK_CAPTURE_AUTORELEASING = YES;
				CLANG_WARN_BOOL_CONVERSION = YES;
				CLANG_WARN_COMMA = YES;
				CLANG_WARN_CONSTANT_CONVERSION = YES;
				CLANG_WARN_DEPRECATED_OBJC_IMPLEMENTATIONS = YES;
				CLANG_WARN_DIRECT_OBJC_ISA_USAGE = YES_ERROR;
				CLANG_WARN_DOCUMENTATION_COMMENTS = YES;
				CLANG_WARN_EMPTY_BODY = YES;
				CLANG_WARN_ENUM_CONVERSION = YES;
				CLANG_WARN_INFINITE_RECURSION = YES;
				CLANG_WARN_INT_CONVERSION = YES;
				CLANG_WARN_NON_LITERAL_NULL_CONVERSION = YES;
				CLANG_WARN_OBJC_IMPLICIT_RETAIN_SELF = YES;
				CLANG_WARN_OBJC_LITERAL_CONVERSION = YES;
				CLANG_WARN_OBJC_ROOT_CLASS = YES_ERROR;
				CLANG_WARN_QUOTED_INCLUDE_IN_FRAMEWORK_HEADER = YES;
				CLANG_WARN_RANGE_LOOP_ANALYSIS = YES;
				CLANG_WARN_STRICT_PROTOTYPES = YES;
				CLANG_WARN_SUSPICIOUS_MOVE = YES;
				CLANG_WARN_UNGUARDED_AVAILABILITY = YES_AGGRESSIVE;
				CLANG_WARN_UNREACHABLE_CODE = YES;
				CLANG_WARN__DUPLICATE_METHOD_MATCH = YES;
				COPY_PHASE_STRIP = NO;
				DEBUG_INFORMATION_FORMAT = dwarf;
				ENABLE_STRICT_OBJC_MSGSEND = YES;
				ENABLE_TESTABILITY = YES;
				GCC_C_LANGUAGE_STANDARD = gnu11;
				GCC_DYNAMIC_NO_PIC = NO;
				GCC_NO_COMMON_BLOCKS = YES;
				GCC_OPTIMIZATION_LEVEL = 0;
				GCC_PREPROCESSOR_DEFINITIONS = (
					"DEBUG=1",
					"$(inherited)",
				);
				GCC_WARN_64_TO_32_BIT_CONVERSION = YES;
				GCC_WARN_ABOUT_RETURN_TYPE = YES_ERROR;
				GCC_WARN_UNDECLARED_SELECTOR = YES;
				GCC_WARN_UNINITIALIZED_AUTOS = YES_AGGRESSIVE;
				GCC_WARN_UNUSED_FUNCTION = YES;
				GCC_WARN_UNUSED_VARIABLE = YES;
				IPHONEOS_DEPLOYMENT_TARGET = 14.5;
				MTL_ENABLE_DEBUG_INFO = INCLUDE_SOURCE;
				MTL_FAST_MATH = YES;
				ONLY_ACTIVE_ARCH = YES;
				SDKROOT = iphoneos;
				SWIFT_ACTIVE_COMPILATION_CONDITIONS = DEBUG;
				SWIFT_OPTIMIZATION_LEVEL = "-Onone";
			};
			name = Debug;
		};
		5605BA7226E0ABD700173F49 /* Release */ = {
			isa = XCBuildConfiguration;
			buildSettings = {
				ALWAYS_SEARCH_USER_PATHS = NO;
				CLANG_ANALYZER_NONNULL = YES;
				CLANG_ANALYZER_NUMBER_OBJECT_CONVERSION = YES_AGGRESSIVE;
				CLANG_CXX_LANGUAGE_STANDARD = "gnu++14";
				CLANG_CXX_LIBRARY = "libc++";
				CLANG_ENABLE_MODULES = YES;
				CLANG_ENABLE_OBJC_ARC = YES;
				CLANG_ENABLE_OBJC_WEAK = YES;
				CLANG_WARN_BLOCK_CAPTURE_AUTORELEASING = YES;
				CLANG_WARN_BOOL_CONVERSION = YES;
				CLANG_WARN_COMMA = YES;
				CLANG_WARN_CONSTANT_CONVERSION = YES;
				CLANG_WARN_DEPRECATED_OBJC_IMPLEMENTATIONS = YES;
				CLANG_WARN_DIRECT_OBJC_ISA_USAGE = YES_ERROR;
				CLANG_WARN_DOCUMENTATION_COMMENTS = YES;
				CLANG_WARN_EMPTY_BODY = YES;
				CLANG_WARN_ENUM_CONVERSION = YES;
				CLANG_WARN_INFINITE_RECURSION = YES;
				CLANG_WARN_INT_CONVERSION = YES;
				CLANG_WARN_NON_LITERAL_NULL_CONVERSION = YES;
				CLANG_WARN_OBJC_IMPLICIT_RETAIN_SELF = YES;
				CLANG_WARN_OBJC_LITERAL_CONVERSION = YES;
				CLANG_WARN_OBJC_ROOT_CLASS = YES_ERROR;
				CLANG_WARN_QUOTED_INCLUDE_IN_FRAMEWORK_HEADER = YES;
				CLANG_WARN_RANGE_LOOP_ANALYSIS = YES;
				CLANG_WARN_STRICT_PROTOTYPES = YES;
				CLANG_WARN_SUSPICIOUS_MOVE = YES;
				CLANG_WARN_UNGUARDED_AVAILABILITY = YES_AGGRESSIVE;
				CLANG_WARN_UNREACHABLE_CODE = YES;
				CLANG_WARN__DUPLICATE_METHOD_MATCH = YES;
				COPY_PHASE_STRIP = NO;
				DEBUG_INFORMATION_FORMAT = "dwarf-with-dsym";
				ENABLE_NS_ASSERTIONS = NO;
				ENABLE_STRICT_OBJC_MSGSEND = YES;
				GCC_C_LANGUAGE_STANDARD = gnu11;
				GCC_NO_COMMON_BLOCKS = YES;
				GCC_WARN_64_TO_32_BIT_CONVERSION = YES;
				GCC_WARN_ABOUT_RETURN_TYPE = YES_ERROR;
				GCC_WARN_UNDECLARED_SELECTOR = YES;
				GCC_WARN_UNINITIALIZED_AUTOS = YES_AGGRESSIVE;
				GCC_WARN_UNUSED_FUNCTION = YES;
				GCC_WARN_UNUSED_VARIABLE = YES;
				IPHONEOS_DEPLOYMENT_TARGET = 14.5;
				MTL_ENABLE_DEBUG_INFO = NO;
				MTL_FAST_MATH = YES;
				SDKROOT = iphoneos;
				SWIFT_COMPILATION_MODE = wholemodule;
				SWIFT_OPTIMIZATION_LEVEL = "-O";
				VALIDATE_PRODUCT = YES;
			};
			name = Release;
		};
		5605BA7426E0ABD700173F49 /* Debug */ = {
			isa = XCBuildConfiguration;
			buildSettings = {
				ASSETCATALOG_COMPILER_APPICON_NAME = AppIcon;
				ASSETCATALOG_COMPILER_GLOBAL_ACCENT_COLOR_NAME = AccentColor;
				CODE_SIGN_STYLE = Automatic;
				DEVELOPMENT_TEAM = Y8WAQNS7U8;
				INFOPLIST_FILE = RentaTeamTest/Info.plist;
				LD_RUNPATH_SEARCH_PATHS = (
					"$(inherited)",
					"@executable_path/Frameworks",
				);
				PRODUCT_BUNDLE_IDENTIFIER = ru.lexone.RentaTeamTest;
				PRODUCT_NAME = "$(TARGET_NAME)";
				SWIFT_VERSION = 5.0;
				TARGETED_DEVICE_FAMILY = "1,2";
			};
			name = Debug;
		};
		5605BA7526E0ABD700173F49 /* Release */ = {
			isa = XCBuildConfiguration;
			buildSettings = {
				ASSETCATALOG_COMPILER_APPICON_NAME = AppIcon;
				ASSETCATALOG_COMPILER_GLOBAL_ACCENT_COLOR_NAME = AccentColor;
				CODE_SIGN_STYLE = Automatic;
				DEVELOPMENT_TEAM = Y8WAQNS7U8;
				INFOPLIST_FILE = RentaTeamTest/Info.plist;
				LD_RUNPATH_SEARCH_PATHS = (
					"$(inherited)",
					"@executable_path/Frameworks",
				);
				PRODUCT_BUNDLE_IDENTIFIER = ru.lexone.RentaTeamTest;
				PRODUCT_NAME = "$(TARGET_NAME)";
				SWIFT_VERSION = 5.0;
				TARGETED_DEVICE_FAMILY = "1,2";
			};
			name = Release;
		};
/* End XCBuildConfiguration section */

/* Begin XCConfigurationList section */
		5605BA5A26E0ABD400173F49 /* Build configuration list for PBXProject "RentaTeamTest" */ = {
			isa = XCConfigurationList;
			buildConfigurations = (
				5605BA7126E0ABD700173F49 /* Debug */,
				5605BA7226E0ABD700173F49 /* Release */,
			);
			defaultConfigurationIsVisible = 0;
			defaultConfigurationName = Release;
		};
		5605BA7326E0ABD700173F49 /* Build configuration list for PBXNativeTarget "RentaTeamTest" */ = {
			isa = XCConfigurationList;
			buildConfigurations = (
				5605BA7426E0ABD700173F49 /* Debug */,
				5605BA7526E0ABD700173F49 /* Release */,
			);
			defaultConfigurationIsVisible = 0;
			defaultConfigurationName = Release;
		};
/* End XCConfigurationList section */
	};
	rootObject = 5605BA5726E0ABD400173F49 /* Project object */;
}
